
Microsoft Visual Studio Solution File, Format Version 12.00
# Visual Studio Version 17
VisualStudioVersion = 17.8.34525.116
MinimumVisualStudioVersion = 10.0.40219.1
Project("{9A19103F-16F7-4668-BE54-9A1E7A4F7556}") = "Shattered_Protocols", "Shattered Protocols\Shattered_Protocols.csproj", "{CCFE33B7-1602-442F-9D7B-3A67F16D6F60}"
EndProject
Global
	GlobalSection(SolutionConfigurationPlatforms) = preSolution
		Debug|Any CPU = Debug|Any CPU
		Release|Any CPU = Release|Any CPU
	EndGlobalSection
	GlobalSection(ProjectConfigurationPlatforms) = postSolution
		{CCFE33B7-1602-442F-9D7B-3A67F16D6F60}.Debug|Any CPU.ActiveCfg = Debug|Any CPU
		{CCFE33B7-1602-442F-9D7B-3A67F16D6F60}.Debug|Any CPU.Build.0 = Debug|Any CPU
		{CCFE33B7-1602-442F-9D7B-3A67F16D6F60}.Release|Any CPU.ActiveCfg = Release|Any CPU
		{CCFE33B7-1602-442F-9D7B-3A67F16D6F60}.Release|Any CPU.Build.0 = Release|Any CPU
	EndGlobalSection
	GlobalSection(SolutionProperties) = preSolution
		HideSolutionNode = FALSE
	EndGlobalSection
	GlobalSection(ExtensibilityGlobals) = postSolution
		SolutionGuid = {DBE81B7E-102B-47A9-83C3-9EA2B187A475}
	EndGlobalSection
EndGlobal
